// !$*UTF8*$!
{
	archiveVersion = 1;
	classes = {
	};
	objectVersion = 56;
	objects = {

/* Begin PBXBuildFile section */
		510AAAA92BD1CC050059323E /* XCTest.framework in Frameworks */ = {isa = PBXBuildFile; fileRef = 510AAAA82BD1CC050059323E /* XCTest.framework */; platformFilter = ios; };
		515196802BD153B60071041F /* AppDelegate.swift in Sources */ = {isa = PBXBuildFile; fileRef = 5151967F2BD153B60071041F /* AppDelegate.swift */; };
		515196822BD153B60071041F /* SceneDelegate.swift in Sources */ = {isa = PBXBuildFile; fileRef = 515196812BD153B60071041F /* SceneDelegate.swift */; };
		515196842BD153B60071041F /* PokemonListViewController.swift in Sources */ = {isa = PBXBuildFile; fileRef = 515196832BD153B60071041F /* PokemonListViewController.swift */; };
		515196892BD153B80071041F /* Assets.xcassets in Resources */ = {isa = PBXBuildFile; fileRef = 515196882BD153B80071041F /* Assets.xcassets */; };
		5151968C2BD153B80071041F /* Base in Resources */ = {isa = PBXBuildFile; fileRef = 5151968B2BD153B80071041F /* Base */; };
		515196972BD153B80071041F /* Poke_dexTests.swift in Sources */ = {isa = PBXBuildFile; fileRef = 515196962BD153B80071041F /* Poke_dexTests.swift */; };
		515196A12BD153B80071041F /* Poke_dexUITests.swift in Sources */ = {isa = PBXBuildFile; fileRef = 515196A02BD153B80071041F /* Poke_dexUITests.swift */; };
		515196A32BD153B80071041F /* Poke_dexUITestsLaunchTests.swift in Sources */ = {isa = PBXBuildFile; fileRef = 515196A22BD153B80071041F /* Poke_dexUITestsLaunchTests.swift */; };
		515196B12BD153E50071041F /* APIService.swift in Sources */ = {isa = PBXBuildFile; fileRef = 515196B02BD153E50071041F /* APIService.swift */; };
		515196B42BD155E50071041F /* SnapKit in Frameworks */ = {isa = PBXBuildFile; productRef = 515196B32BD155E50071041F /* SnapKit */; };
		515196B82BD15BFB0071041F /* MockAPIService.swift in Sources */ = {isa = PBXBuildFile; fileRef = 515196B72BD15BFB0071041F /* MockAPIService.swift */; };
		515196BE2BD162170071041F /* PokemonListViewModel.swift in Sources */ = {isa = PBXBuildFile; fileRef = 515196BD2BD162170071041F /* PokemonListViewModel.swift */; };
		515196C02BD1638D0071041F /* PokemonDetailViewModel.swift in Sources */ = {isa = PBXBuildFile; fileRef = 515196BF2BD1638D0071041F /* PokemonDetailViewModel.swift */; };
		515196C42BD166780071041F /* Entities.swift in Sources */ = {isa = PBXBuildFile; fileRef = 515196C32BD166780071041F /* Entities.swift */; };
		515196C72BD180240071041F /* PokemonDetailViewController.swift in Sources */ = {isa = PBXBuildFile; fileRef = 515196C62BD180240071041F /* PokemonDetailViewController.swift */; };
		515196CA2BD1814D0071041F /* APIServiceProtocol.swift in Sources */ = {isa = PBXBuildFile; fileRef = 515196C92BD1814D0071041F /* APIServiceProtocol.swift */; };
		515196D02BD182110071041F /* PokemonCell.swift in Sources */ = {isa = PBXBuildFile; fileRef = 515196CF2BD182110071041F /* PokemonCell.swift */; };
		515196D22BD189780071041F /* TableHeaderView.swift in Sources */ = {isa = PBXBuildFile; fileRef = 515196D12BD189780071041F /* TableHeaderView.swift */; };
		515196D42BD190A80071041F /* ImageLoader.swift in Sources */ = {isa = PBXBuildFile; fileRef = 515196D32BD190A80071041F /* ImageLoader.swift */; };
		51A8D4032BD26031000CDD6A /* Entities.swift in Sources */ = {isa = PBXBuildFile; fileRef = 515196C32BD166780071041F /* Entities.swift */; };
		51A8D4042BD2603B000CDD6A /* PokemonListViewModel.swift in Sources */ = {isa = PBXBuildFile; fileRef = 515196BD2BD162170071041F /* PokemonListViewModel.swift */; };
		51A8D4052BD2603E000CDD6A /* PokemonDetailViewModel.swift in Sources */ = {isa = PBXBuildFile; fileRef = 515196BF2BD1638D0071041F /* PokemonDetailViewModel.swift */; };
		51A8D4072BD26074000CDD6A /* APIServiceProtocol.swift in Sources */ = {isa = PBXBuildFile; fileRef = 515196C92BD1814D0071041F /* APIServiceProtocol.swift */; };
		51A8D4082BD28F93000CDD6A /* ImageLoader.swift in Sources */ = {isa = PBXBuildFile; fileRef = 515196D32BD190A80071041F /* ImageLoader.swift */; };
/* End PBXBuildFile section */

/* Begin PBXContainerItemProxy section */
		515196932BD153B80071041F /* PBXContainerItemProxy */ = {
			isa = PBXContainerItemProxy;
			containerPortal = 515196742BD153B60071041F /* Project object */;
			proxyType = 1;
			remoteGlobalIDString = 5151967B2BD153B60071041F;
			remoteInfo = "Pokédex";
		};
		5151969D2BD153B80071041F /* PBXContainerItemProxy */ = {
			isa = PBXContainerItemProxy;
			containerPortal = 515196742BD153B60071041F /* Project object */;
			proxyType = 1;
			remoteGlobalIDString = 5151967B2BD153B60071041F;
			remoteInfo = "Pokédex";
		};
/* End PBXContainerItemProxy section */

/* Begin PBXFileReference section */
		510AAAA82BD1CC050059323E /* XCTest.framework */ = {isa = PBXFileReference; lastKnownFileType = wrapper.framework; name = XCTest.framework; path = Platforms/iPhoneOS.platform/Developer/Library/Frameworks/XCTest.framework; sourceTree = DEVELOPER_DIR; };
		5151967C2BD153B60071041F /* Pokedex.app */ = {isa = PBXFileReference; explicitFileType = wrapper.application; includeInIndex = 0; path = Pokedex.app; sourceTree = BUILT_PRODUCTS_DIR; };
		5151967F2BD153B60071041F /* AppDelegate.swift */ = {isa = PBXFileReference; lastKnownFileType = sourcecode.swift; path = AppDelegate.swift; sourceTree = "<group>"; };
		515196812BD153B60071041F /* SceneDelegate.swift */ = {isa = PBXFileReference; lastKnownFileType = sourcecode.swift; path = SceneDelegate.swift; sourceTree = "<group>"; };
		515196832BD153B60071041F /* PokemonListViewController.swift */ = {isa = PBXFileReference; lastKnownFileType = sourcecode.swift; path = PokemonListViewController.swift; sourceTree = "<group>"; };
		515196882BD153B80071041F /* Assets.xcassets */ = {isa = PBXFileReference; lastKnownFileType = folder.assetcatalog; path = Assets.xcassets; sourceTree = "<group>"; };
		5151968B2BD153B80071041F /* Base */ = {isa = PBXFileReference; lastKnownFileType = file.storyboard; name = Base; path = Base.lproj/LaunchScreen.storyboard; sourceTree = "<group>"; };
		5151968D2BD153B80071041F /* Info.plist */ = {isa = PBXFileReference; lastKnownFileType = text.plist.xml; path = Info.plist; sourceTree = "<group>"; };
		515196922BD153B80071041F /* PokedexTests.xctest */ = {isa = PBXFileReference; explicitFileType = wrapper.cfbundle; includeInIndex = 0; path = PokedexTests.xctest; sourceTree = BUILT_PRODUCTS_DIR; };
		515196962BD153B80071041F /* Poke_dexTests.swift */ = {isa = PBXFileReference; lastKnownFileType = sourcecode.swift; path = Poke_dexTests.swift; sourceTree = "<group>"; };
		5151969C2BD153B80071041F /* PokedexUITests.xctest */ = {isa = PBXFileReference; explicitFileType = wrapper.cfbundle; includeInIndex = 0; path = PokedexUITests.xctest; sourceTree = BUILT_PRODUCTS_DIR; };
		515196A02BD153B80071041F /* Poke_dexUITests.swift */ = {isa = PBXFileReference; lastKnownFileType = sourcecode.swift; path = Poke_dexUITests.swift; sourceTree = "<group>"; };
		515196A22BD153B80071041F /* Poke_dexUITestsLaunchTests.swift */ = {isa = PBXFileReference; lastKnownFileType = sourcecode.swift; path = Poke_dexUITestsLaunchTests.swift; sourceTree = "<group>"; };
		515196B02BD153E50071041F /* APIService.swift */ = {isa = PBXFileReference; lastKnownFileType = sourcecode.swift; path = APIService.swift; sourceTree = "<group>"; };
		515196B72BD15BFB0071041F /* MockAPIService.swift */ = {isa = PBXFileReference; lastKnownFileType = sourcecode.swift; path = MockAPIService.swift; sourceTree = "<group>"; };
		515196BD2BD162170071041F /* PokemonListViewModel.swift */ = {isa = PBXFileReference; lastKnownFileType = sourcecode.swift; path = PokemonListViewModel.swift; sourceTree = "<group>"; };
		515196BF2BD1638D0071041F /* PokemonDetailViewModel.swift */ = {isa = PBXFileReference; lastKnownFileType = sourcecode.swift; path = PokemonDetailViewModel.swift; sourceTree = "<group>"; };
		515196C32BD166780071041F /* Entities.swift */ = {isa = PBXFileReference; lastKnownFileType = sourcecode.swift; path = Entities.swift; sourceTree = "<group>"; };
		515196C62BD180240071041F /* PokemonDetailViewController.swift */ = {isa = PBXFileReference; lastKnownFileType = sourcecode.swift; path = PokemonDetailViewController.swift; sourceTree = "<group>"; };
		515196C92BD1814D0071041F /* APIServiceProtocol.swift */ = {isa = PBXFileReference; lastKnownFileType = sourcecode.swift; path = APIServiceProtocol.swift; sourceTree = "<group>"; };
		515196CF2BD182110071041F /* PokemonCell.swift */ = {isa = PBXFileReference; lastKnownFileType = sourcecode.swift; path = PokemonCell.swift; sourceTree = "<group>"; };
		515196D12BD189780071041F /* TableHeaderView.swift */ = {isa = PBXFileReference; lastKnownFileType = sourcecode.swift; path = TableHeaderView.swift; sourceTree = "<group>"; };
		515196D32BD190A80071041F /* ImageLoader.swift */ = {isa = PBXFileReference; lastKnownFileType = sourcecode.swift; path = ImageLoader.swift; sourceTree = "<group>"; };
/* End PBXFileReference section */

/* Begin PBXFrameworksBuildPhase section */
		515196792BD153B60071041F /* Frameworks */ = {
			isa = PBXFrameworksBuildPhase;
			buildActionMask = 2147483647;
			files = (
				515196B42BD155E50071041F /* SnapKit in Frameworks */,
			);
			runOnlyForDeploymentPostprocessing = 0;
		};
		5151968F2BD153B80071041F /* Frameworks */ = {
			isa = PBXFrameworksBuildPhase;
			buildActionMask = 2147483647;
			files = (
				510AAAA92BD1CC050059323E /* XCTest.framework in Frameworks */,
			);
			runOnlyForDeploymentPostprocessing = 0;
		};
		515196992BD153B80071041F /* Frameworks */ = {
			isa = PBXFrameworksBuildPhase;
			buildActionMask = 2147483647;
			files = (
			);
			runOnlyForDeploymentPostprocessing = 0;
		};
/* End PBXFrameworksBuildPhase section */

/* Begin PBXGroup section */
		510AAAA72BD1CC040059323E /* Frameworks */ = {
			isa = PBXGroup;
			children = (
				510AAAA82BD1CC050059323E /* XCTest.framework */,
			);
			name = Frameworks;
			sourceTree = "<group>";
		};
		515196732BD153B60071041F = {
			isa = PBXGroup;
			children = (
				5151967E2BD153B60071041F /* Pokedex */,
				515196952BD153B80071041F /* PokedexTests */,
				5151969F2BD153B80071041F /* PokedexUITests */,
				5151967D2BD153B60071041F /* Products */,
				510AAAA72BD1CC040059323E /* Frameworks */,
			);
			sourceTree = "<group>";
		};
		5151967D2BD153B60071041F /* Products */ = {
			isa = PBXGroup;
			children = (
				5151967C2BD153B60071041F /* Pokedex.app */,
				515196922BD153B80071041F /* PokedexTests.xctest */,
				5151969C2BD153B80071041F /* PokedexUITests.xctest */,
			);
			name = Products;
			sourceTree = "<group>";
		};
		5151967E2BD153B60071041F /* Pokedex */ = {
			isa = PBXGroup;
			children = (
				515196C22BD1664F0071041F /* Model */,
				515196BC2BD161FF0071041F /* View */,
				515196B92BD161DD0071041F /* ViewModel */,
				515196AF2BD153C80071041F /* Service */,
				5151967F2BD153B60071041F /* AppDelegate.swift */,
				515196812BD153B60071041F /* SceneDelegate.swift */,
				515196882BD153B80071041F /* Assets.xcassets */,
				5151968A2BD153B80071041F /* LaunchScreen.storyboard */,
				5151968D2BD153B80071041F /* Info.plist */,
			);
			path = Pokedex;
			sourceTree = "<group>";
		};
		515196952BD153B80071041F /* PokedexTests */ = {
			isa = PBXGroup;
			children = (
				515196B62BD15BEC0071041F /* MockService */,
				515196962BD153B80071041F /* Poke_dexTests.swift */,
			);
			path = PokedexTests;
			sourceTree = "<group>";
		};
		5151969F2BD153B80071041F /* PokedexUITests */ = {
			isa = PBXGroup;
			children = (
				515196A02BD153B80071041F /* Poke_dexUITests.swift */,
				515196A22BD153B80071041F /* Poke_dexUITestsLaunchTests.swift */,
			);
			path = PokedexUITests;
			sourceTree = "<group>";
		};
		515196AF2BD153C80071041F /* Service */ = {
			isa = PBXGroup;
			children = (
				51A8D4062BD26057000CDD6A /* Protocols */,
				515196B02BD153E50071041F /* APIService.swift */,
				515196D32BD190A80071041F /* ImageLoader.swift */,
			);
			path = Service;
			sourceTree = "<group>";
		};
		515196B62BD15BEC0071041F /* MockService */ = {
			isa = PBXGroup;
			children = (
				515196B72BD15BFB0071041F /* MockAPIService.swift */,
			);
			path = MockService;
			sourceTree = "<group>";
		};
		515196B92BD161DD0071041F /* ViewModel */ = {
			isa = PBXGroup;
			children = (
				515196BD2BD162170071041F /* PokemonListViewModel.swift */,
				515196BF2BD1638D0071041F /* PokemonDetailViewModel.swift */,
			);
			path = ViewModel;
			sourceTree = "<group>";
		};
		515196BC2BD161FF0071041F /* View */ = {
			isa = PBXGroup;
			children = (
				515196CD2BD181DB0071041F /* Views */,
				515196CC2BD181BD0071041F /* ViewControllers */,
			);
			path = View;
			sourceTree = "<group>";
		};
		515196C22BD1664F0071041F /* Model */ = {
			isa = PBXGroup;
			children = (
				515196C32BD166780071041F /* Entities.swift */,
			);
			path = Model;
			sourceTree = "<group>";
		};
		515196CC2BD181BD0071041F /* ViewControllers */ = {
			isa = PBXGroup;
			children = (
				515196832BD153B60071041F /* PokemonListViewController.swift */,
				515196C62BD180240071041F /* PokemonDetailViewController.swift */,
			);
			path = ViewControllers;
			sourceTree = "<group>";
		};
		515196CD2BD181DB0071041F /* Views */ = {
			isa = PBXGroup;
			children = (
				515196CE2BD181ED0071041F /* CustomViews */,
			);
			path = Views;
			sourceTree = "<group>";
		};
		515196CE2BD181ED0071041F /* CustomViews */ = {
			isa = PBXGroup;
			children = (
				515196CF2BD182110071041F /* PokemonCell.swift */,
				515196D12BD189780071041F /* TableHeaderView.swift */,
			);
			path = CustomViews;
			sourceTree = "<group>";
		};
		51A8D4062BD26057000CDD6A /* Protocols */ = {
			isa = PBXGroup;
			children = (
				515196C92BD1814D0071041F /* APIServiceProtocol.swift */,
			);
			path = Protocols;
			sourceTree = "<group>";
		};
/* End PBXGroup section */

/* Begin PBXNativeTarget section */
		5151967B2BD153B60071041F /* Pokedex */ = {
			isa = PBXNativeTarget;
			buildConfigurationList = 515196A62BD153B80071041F /* Build configuration list for PBXNativeTarget "Pokedex" */;
			buildPhases = (
				515196782BD153B60071041F /* Sources */,
				515196792BD153B60071041F /* Frameworks */,
				5151967A2BD153B60071041F /* Resources */,
			);
			buildRules = (
			);
			dependencies = (
			);
			name = Pokedex;
			packageProductDependencies = (
				515196B32BD155E50071041F /* SnapKit */,
			);
			productName = "Pokédex";
			productReference = 5151967C2BD153B60071041F /* Pokedex.app */;
			productType = "com.apple.product-type.application";
		};
		515196912BD153B80071041F /* PokedexTests */ = {
			isa = PBXNativeTarget;
			buildConfigurationList = 515196A92BD153B80071041F /* Build configuration list for PBXNativeTarget "PokedexTests" */;
			buildPhases = (
				5151968E2BD153B80071041F /* Sources */,
				5151968F2BD153B80071041F /* Frameworks */,
				515196902BD153B80071041F /* Resources */,
			);
			buildRules = (
			);
			dependencies = (
				515196942BD153B80071041F /* PBXTargetDependency */,
			);
			name = PokedexTests;
			productName = "PokédexTests";
			productReference = 515196922BD153B80071041F /* PokedexTests.xctest */;
			productType = "com.apple.product-type.bundle.unit-test";
		};
		5151969B2BD153B80071041F /* PokedexUITests */ = {
			isa = PBXNativeTarget;
			buildConfigurationList = 515196AC2BD153B80071041F /* Build configuration list for PBXNativeTarget "PokedexUITests" */;
			buildPhases = (
				515196982BD153B80071041F /* Sources */,
				515196992BD153B80071041F /* Frameworks */,
				5151969A2BD153B80071041F /* Resources */,
			);
			buildRules = (
			);
			dependencies = (
				5151969E2BD153B80071041F /* PBXTargetDependency */,
			);
			name = PokedexUITests;
			productName = "PokédexUITests";
			productReference = 5151969C2BD153B80071041F /* PokedexUITests.xctest */;
			productType = "com.apple.product-type.bundle.ui-testing";
		};
/* End PBXNativeTarget section */

/* Begin PBXProject section */
		515196742BD153B60071041F /* Project object */ = {
			isa = PBXProject;
			attributes = {
				BuildIndependentTargetsInParallel = 1;
				LastSwiftUpdateCheck = 1530;
				LastUpgradeCheck = 1530;
				TargetAttributes = {
					5151967B2BD153B60071041F = {
						CreatedOnToolsVersion = 15.3;
					};
					515196912BD153B80071041F = {
						CreatedOnToolsVersion = 15.3;
						TestTargetID = 5151967B2BD153B60071041F;
					};
					5151969B2BD153B80071041F = {
						CreatedOnToolsVersion = 15.3;
						TestTargetID = 5151967B2BD153B60071041F;
					};
				};
			};
			buildConfigurationList = 515196772BD153B60071041F /* Build configuration list for PBXProject "Pokedex" */;
			compatibilityVersion = "Xcode 14.0";
			developmentRegion = en;
			hasScannedForEncodings = 0;
			knownRegions = (
				en,
				Base,
			);
			mainGroup = 515196732BD153B60071041F;
			packageReferences = (
				515196B22BD155E50071041F /* XCRemoteSwiftPackageReference "SnapKit" */,
			);
			productRefGroup = 5151967D2BD153B60071041F /* Products */;
			projectDirPath = "";
			projectRoot = "";
			targets = (
				5151967B2BD153B60071041F /* Pokedex */,
				515196912BD153B80071041F /* PokedexTests */,
				5151969B2BD153B80071041F /* PokedexUITests */,
			);
		};
/* End PBXProject section */

/* Begin PBXResourcesBuildPhase section */
		5151967A2BD153B60071041F /* Resources */ = {
			isa = PBXResourcesBuildPhase;
			buildActionMask = 2147483647;
			files = (
				515196892BD153B80071041F /* Assets.xcassets in Resources */,
				5151968C2BD153B80071041F /* Base in Resources */,
			);
			runOnlyForDeploymentPostprocessing = 0;
		};
		515196902BD153B80071041F /* Resources */ = {
			isa = PBXResourcesBuildPhase;
			buildActionMask = 2147483647;
			files = (
			);
			runOnlyForDeploymentPostprocessing = 0;
		};
		5151969A2BD153B80071041F /* Resources */ = {
			isa = PBXResourcesBuildPhase;
			buildActionMask = 2147483647;
			files = (
			);
			runOnlyForDeploymentPostprocessing = 0;
		};
/* End PBXResourcesBuildPhase section */

/* Begin PBXSourcesBuildPhase section */
		515196782BD153B60071041F /* Sources */ = {
			isa = PBXSourcesBuildPhase;
			buildActionMask = 2147483647;
			files = (
				515196D22BD189780071041F /* TableHeaderView.swift in Sources */,
				515196C42BD166780071041F /* Entities.swift in Sources */,
				515196BE2BD162170071041F /* PokemonListViewModel.swift in Sources */,
				515196D02BD182110071041F /* PokemonCell.swift in Sources */,
				515196842BD153B60071041F /* PokemonListViewController.swift in Sources */,
				515196802BD153B60071041F /* AppDelegate.swift in Sources */,
				515196B12BD153E50071041F /* APIService.swift in Sources */,
				515196822BD153B60071041F /* SceneDelegate.swift in Sources */,
				515196C02BD1638D0071041F /* PokemonDetailViewModel.swift in Sources */,
				515196CA2BD1814D0071041F /* APIServiceProtocol.swift in Sources */,
				515196C72BD180240071041F /* PokemonDetailViewController.swift in Sources */,
				515196D42BD190A80071041F /* ImageLoader.swift in Sources */,
			);
			runOnlyForDeploymentPostprocessing = 0;
		};
		5151968E2BD153B80071041F /* Sources */ = {
			isa = PBXSourcesBuildPhase;
			buildActionMask = 2147483647;
			files = (
				51A8D4082BD28F93000CDD6A /* ImageLoader.swift in Sources */,
				51A8D4072BD26074000CDD6A /* APIServiceProtocol.swift in Sources */,
				515196B82BD15BFB0071041F /* MockAPIService.swift in Sources */,
				51A8D4032BD26031000CDD6A /* Entities.swift in Sources */,
				51A8D4042BD2603B000CDD6A /* PokemonListViewModel.swift in Sources */,
				515196972BD153B80071041F /* Poke_dexTests.swift in Sources */,
				51A8D4052BD2603E000CDD6A /* PokemonDetailViewModel.swift in Sources */,
			);
			runOnlyForDeploymentPostprocessing = 0;
		};
		515196982BD153B80071041F /* Sources */ = {
			isa = PBXSourcesBuildPhase;
			buildActionMask = 2147483647;
			files = (
				515196A32BD153B80071041F /* Poke_dexUITestsLaunchTests.swift in Sources */,
				515196A12BD153B80071041F /* Poke_dexUITests.swift in Sources */,
			);
			runOnlyForDeploymentPostprocessing = 0;
		};
/* End PBXSourcesBuildPhase section */

/* Begin PBXTargetDependency section */
		515196942BD153B80071041F /* PBXTargetDependency */ = {
			isa = PBXTargetDependency;
			target = 5151967B2BD153B60071041F /* Pokedex */;
			targetProxy = 515196932BD153B80071041F /* PBXContainerItemProxy */;
		};
		5151969E2BD153B80071041F /* PBXTargetDependency */ = {
			isa = PBXTargetDependency;
			target = 5151967B2BD153B60071041F /* Pokedex */;
			targetProxy = 5151969D2BD153B80071041F /* PBXContainerItemProxy */;
		};
/* End PBXTargetDependency section */

/* Begin PBXVariantGroup section */
		5151968A2BD153B80071041F /* LaunchScreen.storyboard */ = {
			isa = PBXVariantGroup;
			children = (
				5151968B2BD153B80071041F /* Base */,
			);
			name = LaunchScreen.storyboard;
			sourceTree = "<group>";
		};
/* End PBXVariantGroup section */

/* Begin XCBuildConfiguration section */
		515196A42BD153B80071041F /* Debug */ = {
			isa = XCBuildConfiguration;
			buildSettings = {
				ALWAYS_SEARCH_USER_PATHS = NO;
				ASSETCATALOG_COMPILER_GENERATE_SWIFT_ASSET_SYMBOL_EXTENSIONS = YES;
				CLANG_ANALYZER_NONNULL = YES;
				CLANG_ANALYZER_NUMBER_OBJECT_CONVERSION = YES_AGGRESSIVE;
				CLANG_CXX_LANGUAGE_STANDARD = "gnu++20";
				CLANG_ENABLE_MODULES = YES;
				CLANG_ENABLE_OBJC_ARC = YES;
				CLANG_ENABLE_OBJC_WEAK = YES;
				CLANG_WARN_BLOCK_CAPTURE_AUTORELEASING = YES;
				CLANG_WARN_BOOL_CONVERSION = YES;
				CLANG_WARN_COMMA = YES;
				CLANG_WARN_CONSTANT_CONVERSION = YES;
				CLANG_WARN_DEPRECATED_OBJC_IMPLEMENTATIONS = YES;
				CLANG_WARN_DIRECT_OBJC_ISA_USAGE = YES_ERROR;
				CLANG_WARN_DOCUMENTATION_COMMENTS = YES;
				CLANG_WARN_EMPTY_BODY = YES;
				CLANG_WARN_ENUM_CONVERSION = YES;
				CLANG_WARN_INFINITE_RECURSION = YES;
				CLANG_WARN_INT_CONVERSION = YES;
				CLANG_WARN_NON_LITERAL_NULL_CONVERSION = YES;
				CLANG_WARN_OBJC_IMPLICIT_RETAIN_SELF = YES;
				CLANG_WARN_OBJC_LITERAL_CONVERSION = YES;
				CLANG_WARN_OBJC_ROOT_CLASS = YES_ERROR;
				CLANG_WARN_QUOTED_INCLUDE_IN_FRAMEWORK_HEADER = YES;
				CLANG_WARN_RANGE_LOOP_ANALYSIS = YES;
				CLANG_WARN_STRICT_PROTOTYPES = YES;
				CLANG_WARN_SUSPICIOUS_MOVE = YES;
				CLANG_WARN_UNGUARDED_AVAILABILITY = YES_AGGRESSIVE;
				CLANG_WARN_UNREACHABLE_CODE = YES;
				CLANG_WARN__DUPLICATE_METHOD_MATCH = YES;
				COPY_PHASE_STRIP = NO;
				DEBUG_INFORMATION_FORMAT = dwarf;
				ENABLE_STRICT_OBJC_MSGSEND = YES;
				ENABLE_TESTABILITY = YES;
				ENABLE_USER_SCRIPT_SANDBOXING = YES;
				GCC_C_LANGUAGE_STANDARD = gnu17;
				GCC_DYNAMIC_NO_PIC = NO;
				GCC_NO_COMMON_BLOCKS = YES;
				GCC_OPTIMIZATION_LEVEL = 0;
				GCC_PREPROCESSOR_DEFINITIONS = (
					"DEBUG=1",
					"$(inherited)",
				);
				GCC_WARN_64_TO_32_BIT_CONVERSION = YES;
				GCC_WARN_ABOUT_RETURN_TYPE = YES_ERROR;
				GCC_WARN_UNDECLARED_SELECTOR = YES;
				GCC_WARN_UNINITIALIZED_AUTOS = YES_AGGRESSIVE;
				GCC_WARN_UNUSED_FUNCTION = YES;
				GCC_WARN_UNUSED_VARIABLE = YES;
				IPHONEOS_DEPLOYMENT_TARGET = 17.4;
				LOCALIZATION_PREFERS_STRING_CATALOGS = YES;
				MTL_ENABLE_DEBUG_INFO = INCLUDE_SOURCE;
				MTL_FAST_MATH = YES;
				ONLY_ACTIVE_ARCH = YES;
				SDKROOT = iphoneos;
				SWIFT_ACTIVE_COMPILATION_CONDITIONS = "DEBUG $(inherited)";
				SWIFT_OPTIMIZATION_LEVEL = "-Onone";
			};
			name = Debug;
		};
		515196A52BD153B80071041F /* Release */ = {
			isa = XCBuildConfiguration;
			buildSettings = {
				ALWAYS_SEARCH_USER_PATHS = NO;
				ASSETCATALOG_COMPILER_GENERATE_SWIFT_ASSET_SYMBOL_EXTENSIONS = YES;
				CLANG_ANALYZER_NONNULL = YES;
				CLANG_ANALYZER_NUMBER_OBJECT_CONVERSION = YES_AGGRESSIVE;
				CLANG_CXX_LANGUAGE_STANDARD = "gnu++20";
				CLANG_ENABLE_MODULES = YES;
				CLANG_ENABLE_OBJC_ARC = YES;
				CLANG_ENABLE_OBJC_WEAK = YES;
				CLANG_WARN_BLOCK_CAPTURE_AUTORELEASING = YES;
				CLANG_WARN_BOOL_CONVERSION = YES;
				CLANG_WARN_COMMA = YES;
				CLANG_WARN_CONSTANT_CONVERSION = YES;
				CLANG_WARN_DEPRECATED_OBJC_IMPLEMENTATIONS = YES;
				CLANG_WARN_DIRECT_OBJC_ISA_USAGE = YES_ERROR;
				CLANG_WARN_DOCUMENTATION_COMMENTS = YES;
				CLANG_WARN_EMPTY_BODY = YES;
				CLANG_WARN_ENUM_CONVERSION = YES;
				CLANG_WARN_INFINITE_RECURSION = YES;
				CLANG_WARN_INT_CONVERSION = YES;
				CLANG_WARN_NON_LITERAL_NULL_CONVERSION = YES;
				CLANG_WARN_OBJC_IMPLICIT_RETAIN_SELF = YES;
				CLANG_WARN_OBJC_LITERAL_CONVERSION = YES;
				CLANG_WARN_OBJC_ROOT_CLASS = YES_ERROR;
				CLANG_WARN_QUOTED_INCLUDE_IN_FRAMEWORK_HEADER = YES;
				CLANG_WARN_RANGE_LOOP_ANALYSIS = YES;
				CLANG_WARN_STRICT_PROTOTYPES = YES;
				CLANG_WARN_SUSPICIOUS_MOVE = YES;
				CLANG_WARN_UNGUARDED_AVAILABILITY = YES_AGGRESSIVE;
				CLANG_WARN_UNREACHABLE_CODE = YES;
				CLANG_WARN__DUPLICATE_METHOD_MATCH = YES;
				COPY_PHASE_STRIP = NO;
				DEBUG_INFORMATION_FORMAT = "dwarf-with-dsym";
				ENABLE_NS_ASSERTIONS = NO;
				ENABLE_STRICT_OBJC_MSGSEND = YES;
				ENABLE_USER_SCRIPT_SANDBOXING = YES;
				GCC_C_LANGUAGE_STANDARD = gnu17;
				GCC_NO_COMMON_BLOCKS = YES;
				GCC_WARN_64_TO_32_BIT_CONVERSION = YES;
				GCC_WARN_ABOUT_RETURN_TYPE = YES_ERROR;
				GCC_WARN_UNDECLARED_SELECTOR = YES;
				GCC_WARN_UNINITIALIZED_AUTOS = YES_AGGRESSIVE;
				GCC_WARN_UNUSED_FUNCTION = YES;
				GCC_WARN_UNUSED_VARIABLE = YES;
				IPHONEOS_DEPLOYMENT_TARGET = 17.4;
				LOCALIZATION_PREFERS_STRING_CATALOGS = YES;
				MTL_ENABLE_DEBUG_INFO = NO;
				MTL_FAST_MATH = YES;
				SDKROOT = iphoneos;
				SWIFT_COMPILATION_MODE = wholemodule;
				VALIDATE_PRODUCT = YES;
			};
			name = Release;
		};
		515196A72BD153B80071041F /* Debug */ = {
			isa = XCBuildConfiguration;
			buildSettings = {
				ALWAYS_EMBED_SWIFT_STANDARD_LIBRARIES = YES;
				ASSETCATALOG_COMPILER_APPICON_NAME = AppIcon;
				ASSETCATALOG_COMPILER_GLOBAL_ACCENT_COLOR_NAME = AccentColor;
				CODE_SIGN_STYLE = Automatic;
				CURRENT_PROJECT_VERSION = 1;
				DEVELOPMENT_TEAM = UJM65R7PM4;
				GENERATE_INFOPLIST_FILE = YES;
				INFOPLIST_FILE = Pokedex/Info.plist;
				INFOPLIST_KEY_CFBundleDisplayName = Pokedex;
				INFOPLIST_KEY_UIApplicationSupportsIndirectInputEvents = YES;
				INFOPLIST_KEY_UILaunchStoryboardName = LaunchScreen;
				INFOPLIST_KEY_UISupportedInterfaceOrientations_iPad = "UIInterfaceOrientationPortrait UIInterfaceOrientationPortraitUpsideDown UIInterfaceOrientationLandscapeLeft UIInterfaceOrientationLandscapeRight";
				INFOPLIST_KEY_UISupportedInterfaceOrientations_iPhone = "UIInterfaceOrientationPortrait UIInterfaceOrientationLandscapeLeft UIInterfaceOrientationLandscapeRight";
				LD_RUNPATH_SEARCH_PATHS = (
					"$(inherited)",
					"@executable_path/Frameworks",
				);
				LD_VERIFY_BITCODE = NO;
				MARKETING_VERSION = 1.0;
				PRODUCT_BUNDLE_IDENTIFIER = "Noorain.Poke-dex";
				PRODUCT_NAME = "$(TARGET_NAME)";
				SWIFT_EMIT_LOC_STRINGS = YES;
				SWIFT_VERSION = 5.0;
				TARGETED_DEVICE_FAMILY = "1,2";
			};
			name = Debug;
		};
		515196A82BD153B80071041F /* Release */ = {
			isa = XCBuildConfiguration;
			buildSettings = {
				ALWAYS_EMBED_SWIFT_STANDARD_LIBRARIES = YES;
				ASSETCATALOG_COMPILER_APPICON_NAME = AppIcon;
				ASSETCATALOG_COMPILER_GLOBAL_ACCENT_COLOR_NAME = AccentColor;
				CODE_SIGN_STYLE = Automatic;
				CURRENT_PROJECT_VERSION = 1;
				DEVELOPMENT_TEAM = UJM65R7PM4;
				GENERATE_INFOPLIST_FILE = YES;
				INFOPLIST_FILE = Pokedex/Info.plist;
				INFOPLIST_KEY_CFBundleDisplayName = Pokedex;
				INFOPLIST_KEY_UIApplicationSupportsIndirectInputEvents = YES;
				INFOPLIST_KEY_UILaunchStoryboardName = LaunchScreen;
				INFOPLIST_KEY_UISupportedInterfaceOrientations_iPad = "UIInterfaceOrientationPortrait UIInterfaceOrientationPortraitUpsideDown UIInterfaceOrientationLandscapeLeft UIInterfaceOrientationLandscapeRight";
				INFOPLIST_KEY_UISupportedInterfaceOrientations_iPhone = "UIInterfaceOrientationPortrait UIInterfaceOrientationLandscapeLeft UIInterfaceOrientationLandscapeRight";
				LD_RUNPATH_SEARCH_PATHS = (
					"$(inherited)",
					"@executable_path/Frameworks",
				);
				LD_VERIFY_BITCODE = NO;
				MARKETING_VERSION = 1.0;
				PRODUCT_BUNDLE_IDENTIFIER = "Noorain.Poke-dex";
				PRODUCT_NAME = "$(TARGET_NAME)";
				SWIFT_EMIT_LOC_STRINGS = YES;
				SWIFT_VERSION = 5.0;
				TARGETED_DEVICE_FAMILY = "1,2";
			};
			name = Release;
		};
		515196AA2BD153B80071041F /* Debug */ = {
			isa = XCBuildConfiguration;
			buildSettings = {
				ALWAYS_EMBED_SWIFT_STANDARD_LIBRARIES = YES;
				BUNDLE_LOADER = "$(TEST_HOST)";
				CODE_SIGN_STYLE = Automatic;
				CURRENT_PROJECT_VERSION = 1;
				DEVELOPMENT_TEAM = UJM65R7PM4;
				GENERATE_INFOPLIST_FILE = YES;
				IPHONEOS_DEPLOYMENT_TARGET = 17.4;
				LD_VERIFY_BITCODE = NO;
				MARKETING_VERSION = 1.0;
				PRODUCT_BUNDLE_IDENTIFIER = "Noorain.Poke-dexTests";
				PRODUCT_NAME = "$(TARGET_NAME)";
				SWIFT_EMIT_LOC_STRINGS = NO;
				SWIFT_VERSION = 5.0;
				TARGETED_DEVICE_FAMILY = "1,2";
				TEST_HOST = "$(BUILT_PRODUCTS_DIR)/Pokedex.app/$(BUNDLE_EXECUTABLE_FOLDER_PATH)/Pokedex";
			};
			name = Debug;
		};
		515196AB2BD153B80071041F /* Release */ = {
			isa = XCBuildConfiguration;
			buildSettings = {
				ALWAYS_EMBED_SWIFT_STANDARD_LIBRARIES = YES;
				BUNDLE_LOADER = "$(TEST_HOST)";
				CODE_SIGN_STYLE = Automatic;
				CURRENT_PROJECT_VERSION = 1;
				DEVELOPMENT_TEAM = UJM65R7PM4;
				GENERATE_INFOPLIST_FILE = YES;
				IPHONEOS_DEPLOYMENT_TARGET = 17.4;
				LD_VERIFY_BITCODE = NO;
				MARKETING_VERSION = 1.0;
				PRODUCT_BUNDLE_IDENTIFIER = "Noorain.Poke-dexTests";
				PRODUCT_NAME = "$(TARGET_NAME)";
				SWIFT_EMIT_LOC_STRINGS = NO;
				SWIFT_VERSION = 5.0;
				TARGETED_DEVICE_FAMILY = "1,2";
				TEST_HOST = "$(BUILT_PRODUCTS_DIR)/Pokedex.app/$(BUNDLE_EXECUTABLE_FOLDER_PATH)/Pokedex";
			};
			name = Release;
		};
		515196AD2BD153B80071041F /* Debug */ = {
			isa = XCBuildConfiguration;
			buildSettings = {
				ALWAYS_EMBED_SWIFT_STANDARD_LIBRARIES = YES;
				CODE_SIGN_STYLE = Automatic;
				CURRENT_PROJECT_VERSION = 1;
				DEVELOPMENT_TEAM = UJM65R7PM4;
				GENERATE_INFOPLIST_FILE = YES;
				MARKETING_VERSION = 1.0;
				PRODUCT_BUNDLE_IDENTIFIER = "Noorain.Poke-dexUITests";
				PRODUCT_NAME = "$(TARGET_NAME)";
				SWIFT_EMIT_LOC_STRINGS = NO;
				SWIFT_VERSION = 5.0;
				TARGETED_DEVICE_FAMILY = "1,2";
				TEST_TARGET_NAME = "Pokédex";
			};
			name = Debug;
		};
		515196AE2BD153B80071041F /* Release */ = {
			isa = XCBuildConfiguration;
			buildSettings = {
				ALWAYS_EMBED_SWIFT_STANDARD_LIBRARIES = YES;
				CODE_SIGN_STYLE = Automatic;
				CURRENT_PROJECT_VERSION = 1;
				DEVELOPMENT_TEAM = UJM65R7PM4;
				GENERATE_INFOPLIST_FILE = YES;
				MARKETING_VERSION = 1.0;
				PRODUCT_BUNDLE_IDENTIFIER = "Noorain.Poke-dexUITests";
				PRODUCT_NAME = "$(TARGET_NAME)";
				SWIFT_EMIT_LOC_STRINGS = NO;
				SWIFT_VERSION = 5.0;
				TARGETED_DEVICE_FAMILY = "1,2";
				TEST_TARGET_NAME = "Pokédex";
			};
			name = Release;
		};
/* End XCBuildConfiguration section */

/* Begin XCConfigurationList section */
		515196772BD153B60071041F /* Build configuration list for PBXProject "Pokedex" */ = {
			isa = XCConfigurationList;
			buildConfigurations = (
				515196A42BD153B80071041F /* Debug */,
				515196A52BD153B80071041F /* Release */,
			);
			defaultConfigurationIsVisible = 0;
			defaultConfigurationName = Release;
		};
		515196A62BD153B80071041F /* Build configuration list for PBXNativeTarget "Pokedex" */ = {
			isa = XCConfigurationList;
			buildConfigurations = (
				515196A72BD153B80071041F /* Debug */,
				515196A82BD153B80071041F /* Release */,
			);
			defaultConfigurationIsVisible = 0;
			defaultConfigurationName = Release;
		};
		515196A92BD153B80071041F /* Build configuration list for PBXNativeTarget "PokedexTests" */ = {
			isa = XCConfigurationList;
			buildConfigurations = (
				515196AA2BD153B80071041F /* Debug */,
				515196AB2BD153B80071041F /* Release */,
			);
			defaultConfigurationIsVisible = 0;
			defaultConfigurationName = Release;
		};
		515196AC2BD153B80071041F /* Build configuration list for PBXNativeTarget "PokedexUITests" */ = {
			isa = XCConfigurationList;
			buildConfigurations = (
				515196AD2BD153B80071041F /* Debug */,
				515196AE2BD153B80071041F /* Release */,
			);
			defaultConfigurationIsVisible = 0;
			defaultConfigurationName = Release;
		};
/* End XCConfigurationList section */

/* Begin XCRemoteSwiftPackageReference section */
		515196B22BD155E50071041F /* XCRemoteSwiftPackageReference "SnapKit" */ = {
			isa = XCRemoteSwiftPackageReference;
			repositoryURL = "https://github.com/SnapKit/SnapKit.git";
			requirement = {
				kind = upToNextMajorVersion;
				minimumVersion = 5.7.1;
			};
		};
/* End XCRemoteSwiftPackageReference section */

/* Begin XCSwiftPackageProductDependency section */
		515196B32BD155E50071041F /* SnapKit */ = {
			isa = XCSwiftPackageProductDependency;
			package = 515196B22BD155E50071041F /* XCRemoteSwiftPackageReference "SnapKit" */;
			productName = SnapKit;
		};
/* End XCSwiftPackageProductDependency section */
	};
	rootObject = 515196742BD153B60071041F /* Project object */;
}
